
Microsoft Visual Studio Solution File, Format Version 12.00
# Visual Studio 15
VisualStudioVersion = 15.0.28307.852
MinimumVisualStudioVersion = 10.0.40219.1
Project("{9A19103F-16F7-4668-BE54-9A1E7A4F7556}") = "Memento", "Memento\Memento.csproj", "{DED995F3-3E73-4E19-97A5-D2D13EA87557}"
EndProject
Project("{9A19103F-16F7-4668-BE54-9A1E7A4F7556}") = "State", "State\State.csproj", "{3374D41A-455B-47A1-A53B-6641D7E0CC3E}"
EndProject
Project("{FAE04EC0-301F-11D3-BF4B-00C04F79EFBC}") = "Iterator", "Iterator\Iterator.csproj", "{D149B771-CE24-4F80-B19A-8A54EDE2A072}"
EndProject
Global
	GlobalSection(SolutionConfigurationPlatforms) = preSolution
		Debug|Any CPU = Debug|Any CPU
		Release|Any CPU = Release|Any CPU
	EndGlobalSection
	GlobalSection(ProjectConfigurationPlatforms) = postSolution
		{DED995F3-3E73-4E19-97A5-D2D13EA87557}.Debug|Any CPU.ActiveCfg = Debug|Any CPU
		{DED995F3-3E73-4E19-97A5-D2D13EA87557}.Debug|Any CPU.Build.0 = Debug|Any CPU
		{DED995F3-3E73-4E19-97A5-D2D13EA87557}.Release|Any CPU.ActiveCfg = Release|Any CPU
		{DED995F3-3E73-4E19-97A5-D2D13EA87557}.Release|Any CPU.Build.0 = Release|Any CPU
		{3374D41A-455B-47A1-A53B-6641D7E0CC3E}.Debug|Any CPU.ActiveCfg = Debug|Any CPU
		{3374D41A-455B-47A1-A53B-6641D7E0CC3E}.Debug|Any CPU.Build.0 = Debug|Any CPU
		{3374D41A-455B-47A1-A53B-6641D7E0CC3E}.Release|Any CPU.ActiveCfg = Release|Any CPU
		{3374D41A-455B-47A1-A53B-6641D7E0CC3E}.Release|Any CPU.Build.0 = Release|Any CPU
		{D149B771-CE24-4F80-B19A-8A54EDE2A072}.Debug|Any CPU.ActiveCfg = Debug|Any CPU
		{D149B771-CE24-4F80-B19A-8A54EDE2A072}.Debug|Any CPU.Build.0 = Debug|Any CPU
		{D149B771-CE24-4F80-B19A-8A54EDE2A072}.Release|Any CPU.ActiveCfg = Release|Any CPU
		{D149B771-CE24-4F80-B19A-8A54EDE2A072}.Release|Any CPU.Build.0 = Release|Any CPU
	EndGlobalSection
	GlobalSection(SolutionProperties) = preSolution
		HideSolutionNode = FALSE
	EndGlobalSection
	GlobalSection(ExtensibilityGlobals) = postSolution
		SolutionGuid = {4452E8BF-2CE1-4C70-98FF-C0814C2E8808}
	EndGlobalSection
EndGlobal
